<?xml version="1.0" encoding="utf-8"?>
<Project ToolsVersion="4.0" xmlns="http://schemas.microsoft.com/developer/msbuild/2003">
  <ItemGroup>
    <Filter Include="Source Files">
      <UniqueIdentifier>{4FC737F1-C7A5-4376-A066-2A32D752A2FF}</UniqueIdentifier>
      <Extensions>cpp;c;cc;cxx;c++;cppm;ixx;def;odl;idl;hpj;bat;asm;asmx</Extensions>
    </Filter>
    <Filter Include="Header Files">
      <UniqueIdentifier>{93995380-89BD-4b04-88EB-625FBE52EBFB}</UniqueIdentifier>
      <Extensions>h;hh;hpp;hxx;h++;hm;inl;inc;ipp;xsd</Extensions>
    </Filter>
    <Filter Include="Resource Files">
      <UniqueIdentifier>{67DA6AB6-F800-4c08-8B7A-83BB121AAD01}</UniqueIdentifier>
      <Extensions>rc;ico;cur;bmp;dlg;rc2;rct;bin;rgs;gif;jpg;jpeg;jpe;resx;tiff;tif;png;wav;mfcribbon-ms</Extensions>
    </Filter>
  </ItemGroup>
  <ItemGroup>
    <ClCompile Include="AD3.cpp">
      <Filter>Source Files</Filter>
    </ClCompile>
    <ClCompile Include="WMDIParentFrame.cpp">
      <Filter>Source Files</Filter>
    </ClCompile>
    <ClCompile Include="WChildFrame.cpp">
      <Filter>Source Files</Filter>
    </ClCompile>
    <ClCompile Include="ServicePJEndpoint.cpp">
      <Filter>Source Files</Filter>
    </ClCompile>
    <ClCompile Include="ServicePJAccount.cpp">
      <Filter>Source Files</Filter>
    </ClCompile>
    <ClCompile Include="PJAccount.cpp">
      <Filter>Source Files</Filter>
    </ClCompile>
    <ClCompile Include="..\..\..\Libs\Common\ServiceCtrlC.cpp">
      <Filter>Source Files</Filter>
    </ClCompile>
    <ClCompile Include="PJCall.cpp">
      <Filter>Source Files</Filter>
    </ClCompile>
    <ClCompile Include="PJHelper.cpp">
      <Filter>Source Files</Filter>
    </ClCompile>
    <ClCompile Include="WDialer.cpp">
      <Filter>Source Files</Filter>
    </ClCompile>
    <ClCompile Include="WAutoDial.cpp">
      <Filter>Source Files</Filter>
    </ClCompile>
    <ClCompile Include="..\..\..\Libs\Common\MiniAudioImplem.cpp">
      <Filter>Source Files</Filter>
    </ClCompile>
    <ClCompile Include="ServicePJCalls.cpp">
      <Filter>Source Files</Filter>
    </ClCompile>
    <ClCompile Include="ServicePJWavPool.cpp">
      <Filter>Source Files</Filter>
    </ClCompile>
    <ClCompile Include="ServiceMsg.cpp">
      <Filter>Source Files</Filter>
    </ClCompile>
  </ItemGroup>
  <ItemGroup>
    <ClInclude Include="WApp.h">
      <Filter>Header Files</Filter>
    </ClInclude>
    <ClInclude Include="WMDIParentFrame.h">
      <Filter>Header Files</Filter>
    </ClInclude>
    <ClInclude Include="WChildFrame.h">
      <Filter>Header Files</Filter>
    </ClInclude>
    <ClInclude Include="WConfigSettings.hpp">
      <Filter>Header Files</Filter>
    </ClInclude>
    <ClInclude Include="WAppAD3.hpp">
      <Filter>Header Files</Filter>
    </ClInclude>
    <ClInclude Include="WMDIParentFrameAD3.hpp">
      <Filter>Header Files</Filter>
    </ClInclude>
    <ClInclude Include="ConfigSettings.hpp">
      <Filter>Header Files</Filter>
    </ClInclude>
    <ClInclude Include="ServicePJEndpoint.h">
      <Filter>Header Files</Filter>
    </ClInclude>
    <ClInclude Include="PJAccount.h">
      <Filter>Header Files</Filter>
    </ClInclude>
    <ClInclude Include="ServicePJAccount.h">
      <Filter>Header Files</Filter>
    </ClInclude>
    <ClInclude Include="WDialer.h">
      <Filter>Header Files</Filter>
    </ClInclude>
    <ClInclude Include="PJCall.h">
      <Filter>Header Files</Filter>
    </ClInclude>
    <ClInclude Include="PJHelper.h">
      <Filter>Header Files</Filter>
    </ClInclude>
    <ClInclude Include="PJCallManualDial.hpp">
      <Filter>Header Files</Filter>
    </ClInclude>
    <ClInclude Include="WAutoDial.h">
      <Filter>Header Files</Filter>
    </ClInclude>
    <ClInclude Include="WDialerCommon.hpp">
      <Filter>Header Files</Filter>
    </ClInclude>
    <ClInclude Include="resource.h">
      <Filter>Header Files</Filter>
    </ClInclude>
    <ClInclude Include="ServicePJCalls.h">
      <Filter>Header Files</Filter>
    </ClInclude>
    <ClInclude Include="ServicePJWavPool.h">
      <Filter>Header Files</Filter>
    </ClInclude>
    <ClInclude Include="ServiceMsg.h">
      <Filter>Header Files</Filter>
    </ClInclude>
    <ClInclude Include="WMsg.hpp">
      <Filter>Header Files</Filter>
    </ClInclude>
  </ItemGroup>
  <ItemGroup>
    <ResourceCompile Include="AD3.rc">
      <Filter>Resource Files</Filter>
    </ResourceCompile>
  </ItemGroup>
  <ItemGroup>
    <Image Include="..\icons\apple-touch-icon.ico">
      <Filter>Resource Files</Filter>
    </Image>
    <Image Include="..\icons\icon2.ico">
      <Filter>Resource Files</Filter>
    </Image>
    <Image Include="..\icons\main.ico">
      <Filter>Resource Files</Filter>
    </Image>
  </ItemGroup>
</Project>